
Microsoft Visual Studio Solution File, Format Version 12.00
# Visual Studio Version 16
VisualStudioVersion = 16.0.28803.156
MinimumVisualStudioVersion = 10.0.40219.1
Project("{FAE04EC0-301F-11D3-BF4B-00C04F79EFBC}") = "MD CarePath Schedule Conflict Check", "MD CarePath Schedule Conflict Check.csproj", "{5626E82A-65D7-4C28-A730-092A089ED5A7}"
EndProject
Global
	GlobalSection(SolutionConfigurationPlatforms) = preSolution
		Debug|Any CPU = Debug|Any CPU
		Release|Any CPU = Release|Any CPU
	EndGlobalSection
	GlobalSection(ProjectConfigurationPlatforms) = postSolution
		{5626E82A-65D7-4C28-A730-092A089ED5A7}.Debug|Any CPU.ActiveCfg = Debug|Any CPU
		{5626E82A-65D7-4C28-A730-092A089ED5A7}.Debug|Any CPU.Build.0 = Debug|Any CPU
		{5626E82A-65D7-4C28-A730-092A089ED5A7}.Release|Any CPU.ActiveCfg = Release|Any CPU
		{5626E82A-65D7-4C28-A730-092A089ED5A7}.Release|Any CPU.Build.0 = Release|Any CPU
	EndGlobalSection
	GlobalSection(SolutionProperties) = preSolution
		HideSolutionNode = FALSE
	EndGlobalSection
	GlobalSection(ExtensibilityGlobals) = postSolution
		SolutionGuid = {D29C802A-F9EC-461B-B4E4-342114E5B5B3}
	EndGlobalSection
EndGlobal
